
Microsoft Visual Studio Solution File, Format Version 12.00
Project("{F2A71F9B-5D33-465A-A702-920D77279786}") = "Sanchez.Logger.Example", "Sanchez.Logger.Example\Sanchez.Logger.Example.fsproj", "{319691A1-2847-4BDC-89BD-B3AAE2C18D3F}"
EndProject
Project("{F2A71F9B-5D33-465A-A702-920D77279786}") = "Sanchez.Logger.Abstraction", "Sanchez.Logger.Abstraction\Sanchez.Logger.Abstraction.fsproj", "{D66F9973-E2DD-4382-8563-AC041F097C4E}"
EndProject
Project("{F2A71F9B-5D33-465A-A702-920D77279786}") = "Sanchez.Logger", "Sanchez.Logger\Sanchez.Logger.fsproj", "{1639232F-F6BA-494D-9398-8A3D42F3E67D}"
EndProject
Project("{F2A71F9B-5D33-465A-A702-920D77279786}") = "Sanchez.Logger.Sinks.Console", "Sanchez.Logger.Sinks.Console\Sanchez.Logger.Sinks.Console.fsproj", "{49180B91-4A81-418E-ACD1-97E9F55D506C}"
EndProject
Project("{2150E333-8FDC-42A3-9474-1A3956D46DE8}") = "Sinks", "Sinks", "{436DD1FD-FE0A-4241-823C-1678BCE97EBF}"
EndProject
Project("{2150E333-8FDC-42A3-9474-1A3956D46DE8}") = "Providers", "Providers", "{6CFE1272-D5E7-4579-8288-FC634F4B18F6}"
EndProject
Project("{F2A71F9B-5D33-465A-A702-920D77279786}") = "Sanchez.Logger.Providers.Timestamp", "Sanchez.Logger.Providers.Timestamp\Sanchez.Logger.Providers.Timestamp.fsproj", "{1E08D7DE-BBFF-4AE4-A270-03C20112BB07}"
EndProject
Project("{F2A71F9B-5D33-465A-A702-920D77279786}") = "Sanchez.Logger.Providers.Scope", "Sanchez.Logger.Providers.Scope\Sanchez.Logger.Providers.Scope.fsproj", "{4EA88B39-512E-4B7E-A752-2EB2F8FB43AB}"
EndProject
Project("{F2A71F9B-5D33-465A-A702-920D77279786}") = "Sanchez.Logger.Sinks.File", "Sanchez.Logger.Sinks.File\Sanchez.Logger.Sinks.File.fsproj", "{198632A5-B67A-4E73-8171-87CC7F3D7686}"
EndProject
Project("{F2A71F9B-5D33-465A-A702-920D77279786}") = "Sanchez.Logger.Providers.LogLevel", "Sanchez.Logger.Providers.LogLevel\Sanchez.Logger.Providers.LogLevel.fsproj", "{A4130EC4-581C-4CF0-84CC-B70B0D585EE4}"
EndProject
Project("{2150E333-8FDC-42A3-9474-1A3956D46DE8}") = "Filters", "Filters", "{7BEC8E0B-6BE6-46A2-A4E0-6FB28EFE451C}"
EndProject
Project("{F2A71F9B-5D33-465A-A702-920D77279786}") = "Sanchez.Logger.Filters.LogLevel", "Sanchez.Logger.Filters.LogLevel\Sanchez.Logger.Filters.LogLevel.fsproj", "{A8C01F17-6673-4D66-BCC5-9CED59121EBD}"
EndProject
Project("{2150E333-8FDC-42A3-9474-1A3956D46DE8}") = "Templates", "Templates", "{48915A85-283F-4B63-A8E8-69AB1529F0B5}"
EndProject
Project("{F2A71F9B-5D33-465A-A702-920D77279786}") = "Sanchez.Logger.Templates.Standard", "Sanchez.Logger.Templates.Standard\Sanchez.Logger.Templates.Standard.fsproj", "{EA084DC6-FE99-4374-B234-4691892B38A7}"
EndProject
Project("{F2A71F9B-5D33-465A-A702-920D77279786}") = "Sanchez.Logger.Templates.Scoped", "Sanchez.Logger.Templates.Scoped\Sanchez.Logger.Templates.Scoped.fsproj", "{B06E1D40-38B6-4908-8F3D-BFBDD09B51BE}"
EndProject
Global
	GlobalSection(SolutionConfigurationPlatforms) = preSolution
		Debug|Any CPU = Debug|Any CPU
		Release|Any CPU = Release|Any CPU
	EndGlobalSection
	GlobalSection(ProjectConfigurationPlatforms) = postSolution
		{319691A1-2847-4BDC-89BD-B3AAE2C18D3F}.Debug|Any CPU.ActiveCfg = Debug|Any CPU
		{319691A1-2847-4BDC-89BD-B3AAE2C18D3F}.Debug|Any CPU.Build.0 = Debug|Any CPU
		{319691A1-2847-4BDC-89BD-B3AAE2C18D3F}.Release|Any CPU.ActiveCfg = Release|Any CPU
		{319691A1-2847-4BDC-89BD-B3AAE2C18D3F}.Release|Any CPU.Build.0 = Release|Any CPU
		{D66F9973-E2DD-4382-8563-AC041F097C4E}.Debug|Any CPU.ActiveCfg = Debug|Any CPU
		{D66F9973-E2DD-4382-8563-AC041F097C4E}.Debug|Any CPU.Build.0 = Debug|Any CPU
		{D66F9973-E2DD-4382-8563-AC041F097C4E}.Release|Any CPU.ActiveCfg = Release|Any CPU
		{D66F9973-E2DD-4382-8563-AC041F097C4E}.Release|Any CPU.Build.0 = Release|Any CPU
		{1639232F-F6BA-494D-9398-8A3D42F3E67D}.Debug|Any CPU.ActiveCfg = Debug|Any CPU
		{1639232F-F6BA-494D-9398-8A3D42F3E67D}.Debug|Any CPU.Build.0 = Debug|Any CPU
		{1639232F-F6BA-494D-9398-8A3D42F3E67D}.Release|Any CPU.ActiveCfg = Release|Any CPU
		{1639232F-F6BA-494D-9398-8A3D42F3E67D}.Release|Any CPU.Build.0 = Release|Any CPU
		{49180B91-4A81-418E-ACD1-97E9F55D506C}.Debug|Any CPU.ActiveCfg = Debug|Any CPU
		{49180B91-4A81-418E-ACD1-97E9F55D506C}.Debug|Any CPU.Build.0 = Debug|Any CPU
		{49180B91-4A81-418E-ACD1-97E9F55D506C}.Release|Any CPU.ActiveCfg = Release|Any CPU
		{49180B91-4A81-418E-ACD1-97E9F55D506C}.Release|Any CPU.Build.0 = Release|Any CPU
		{1E08D7DE-BBFF-4AE4-A270-03C20112BB07}.Debug|Any CPU.ActiveCfg = Debug|Any CPU
		{1E08D7DE-BBFF-4AE4-A270-03C20112BB07}.Debug|Any CPU.Build.0 = Debug|Any CPU
		{1E08D7DE-BBFF-4AE4-A270-03C20112BB07}.Release|Any CPU.ActiveCfg = Release|Any CPU
		{1E08D7DE-BBFF-4AE4-A270-03C20112BB07}.Release|Any CPU.Build.0 = Release|Any CPU
		{4EA88B39-512E-4B7E-A752-2EB2F8FB43AB}.Debug|Any CPU.ActiveCfg = Debug|Any CPU
		{4EA88B39-512E-4B7E-A752-2EB2F8FB43AB}.Debug|Any CPU.Build.0 = Debug|Any CPU
		{4EA88B39-512E-4B7E-A752-2EB2F8FB43AB}.Release|Any CPU.ActiveCfg = Release|Any CPU
		{4EA88B39-512E-4B7E-A752-2EB2F8FB43AB}.Release|Any CPU.Build.0 = Release|Any CPU
		{198632A5-B67A-4E73-8171-87CC7F3D7686}.Debug|Any CPU.ActiveCfg = Debug|Any CPU
		{198632A5-B67A-4E73-8171-87CC7F3D7686}.Debug|Any CPU.Build.0 = Debug|Any CPU
		{198632A5-B67A-4E73-8171-87CC7F3D7686}.Release|Any CPU.ActiveCfg = Release|Any CPU
		{198632A5-B67A-4E73-8171-87CC7F3D7686}.Release|Any CPU.Build.0 = Release|Any CPU
		{A4130EC4-581C-4CF0-84CC-B70B0D585EE4}.Debug|Any CPU.ActiveCfg = Debug|Any CPU
		{A4130EC4-581C-4CF0-84CC-B70B0D585EE4}.Debug|Any CPU.Build.0 = Debug|Any CPU
		{A4130EC4-581C-4CF0-84CC-B70B0D585EE4}.Release|Any CPU.ActiveCfg = Release|Any CPU
		{A4130EC4-581C-4CF0-84CC-B70B0D585EE4}.Release|Any CPU.Build.0 = Release|Any CPU
		{A8C01F17-6673-4D66-BCC5-9CED59121EBD}.Debug|Any CPU.ActiveCfg = Debug|Any CPU
		{A8C01F17-6673-4D66-BCC5-9CED59121EBD}.Debug|Any CPU.Build.0 = Debug|Any CPU
		{A8C01F17-6673-4D66-BCC5-9CED59121EBD}.Release|Any CPU.ActiveCfg = Release|Any CPU
		{A8C01F17-6673-4D66-BCC5-9CED59121EBD}.Release|Any CPU.Build.0 = Release|Any CPU
		{EA084DC6-FE99-4374-B234-4691892B38A7}.Debug|Any CPU.ActiveCfg = Debug|Any CPU
		{EA084DC6-FE99-4374-B234-4691892B38A7}.Debug|Any CPU.Build.0 = Debug|Any CPU
		{EA084DC6-FE99-4374-B234-4691892B38A7}.Release|Any CPU.ActiveCfg = Release|Any CPU
		{EA084DC6-FE99-4374-B234-4691892B38A7}.Release|Any CPU.Build.0 = Release|Any CPU
		{B06E1D40-38B6-4908-8F3D-BFBDD09B51BE}.Debug|Any CPU.ActiveCfg = Debug|Any CPU
		{B06E1D40-38B6-4908-8F3D-BFBDD09B51BE}.Debug|Any CPU.Build.0 = Debug|Any CPU
		{B06E1D40-38B6-4908-8F3D-BFBDD09B51BE}.Release|Any CPU.ActiveCfg = Release|Any CPU
		{B06E1D40-38B6-4908-8F3D-BFBDD09B51BE}.Release|Any CPU.Build.0 = Release|Any CPU
	EndGlobalSection
	GlobalSection(NestedProjects) = preSolution
		{49180B91-4A81-418E-ACD1-97E9F55D506C} = {436DD1FD-FE0A-4241-823C-1678BCE97EBF}
		{1E08D7DE-BBFF-4AE4-A270-03C20112BB07} = {6CFE1272-D5E7-4579-8288-FC634F4B18F6}
		{4EA88B39-512E-4B7E-A752-2EB2F8FB43AB} = {6CFE1272-D5E7-4579-8288-FC634F4B18F6}
		{198632A5-B67A-4E73-8171-87CC7F3D7686} = {436DD1FD-FE0A-4241-823C-1678BCE97EBF}
		{A4130EC4-581C-4CF0-84CC-B70B0D585EE4} = {6CFE1272-D5E7-4579-8288-FC634F4B18F6}
		{A8C01F17-6673-4D66-BCC5-9CED59121EBD} = {7BEC8E0B-6BE6-46A2-A4E0-6FB28EFE451C}
		{EA084DC6-FE99-4374-B234-4691892B38A7} = {48915A85-283F-4B63-A8E8-69AB1529F0B5}
		{B06E1D40-38B6-4908-8F3D-BFBDD09B51BE} = {48915A85-283F-4B63-A8E8-69AB1529F0B5}
	EndGlobalSection
EndGlobal
